// !$*UTF8*$!
{
	archiveVersion = 1;
	classes = {
	};
	objectVersion = 50;
	objects = {

/* Begin PBXBuildFile section */
		5448B604240E67A900048433 /* AppDelegate.m in Sources */ = {isa = PBXBuildFile; fileRef = 5448B603240E67A900048433 /* AppDelegate.m */; };
		5448B607240E67A900048433 /* SceneDelegate.m in Sources */ = {isa = PBXBuildFile; fileRef = 5448B606240E67A900048433 /* SceneDelegate.m */; };
		5448B60A240E67A900048433 /* ViewController.m in Sources */ = {isa = PBXBuildFile; fileRef = 5448B609240E67A900048433 /* ViewController.m */; };
		5448B60D240E67A900048433 /* Main.storyboard in Resources */ = {isa = PBXBuildFile; fileRef = 5448B60B240E67A900048433 /* Main.storyboard */; };
		5448B60F240E67AB00048433 /* Assets.xcassets in Resources */ = {isa = PBXBuildFile; fileRef = 5448B60E240E67AB00048433 /* Assets.xcassets */; };
		5448B612240E67AB00048433 /* LaunchScreen.storyboard in Resources */ = {isa = PBXBuildFile; fileRef = 5448B610240E67AB00048433 /* LaunchScreen.storyboard */; };
		5448B615240E67AB00048433 /* main.m in Sources */ = {isa = PBXBuildFile; fileRef = 5448B614240E67AB00048433 /* main.m */; };
		5448B61F240E67AB00048433 /* CommTestATests.m in Sources */ = {isa = PBXBuildFile; fileRef = 5448B61E240E67AB00048433 /* CommTestATests.m */; };
		5448B62A240E67AB00048433 /* CommTestAUITests.m in Sources */ = {isa = PBXBuildFile; fileRef = 5448B629240E67AB00048433 /* CommTestAUITests.m */; };
/* End PBXBuildFile section */

/* Begin PBXContainerItemProxy section */
		5448B61B240E67AB00048433 /* PBXContainerItemProxy */ = {
			isa = PBXContainerItemProxy;
			containerPortal = 5448B5F7240E67A900048433 /* Project object */;
			proxyType = 1;
			remoteGlobalIDString = 5448B5FE240E67A900048433;
			remoteInfo = CommTestA;
		};
		5448B626240E67AB00048433 /* PBXContainerItemProxy */ = {
			isa = PBXContainerItemProxy;
			containerPortal = 5448B5F7240E67A900048433 /* Project object */;
			proxyType = 1;
			remoteGlobalIDString = 5448B5FE240E67A900048433;
			remoteInfo = CommTestA;
		};
/* End PBXContainerItemProxy section */

/* Begin PBXFileReference section */
		5448B5FF240E67A900048433 /* CommTestA.app */ = {isa = PBXFileReference; explicitFileType = wrapper.application; includeInIndex = 0; path = CommTestA.app; sourceTree = BUILT_PRODUCTS_DIR; };
		5448B602240E67A900048433 /* AppDelegate.h */ = {isa = PBXFileReference; lastKnownFileType = sourcecode.c.h; path = AppDelegate.h; sourceTree = "<group>"; };
		5448B603240E67A900048433 /* AppDelegate.m */ = {isa = PBXFileReference; lastKnownFileType = sourcecode.c.objc; path = AppDelegate.m; sourceTree = "<group>"; };
		5448B605240E67A900048433 /* SceneDelegate.h */ = {isa = PBXFileReference; lastKnownFileType = sourcecode.c.h; path = SceneDelegate.h; sourceTree = "<group>"; };
		5448B606240E67A900048433 /* SceneDelegate.m */ = {isa = PBXFileReference; lastKnownFileType = sourcecode.c.objc; path = SceneDelegate.m; sourceTree = "<group>"; };
		5448B608240E67A900048433 /* ViewController.h */ = {isa = PBXFileReference; lastKnownFileType = sourcecode.c.h; path = ViewController.h; sourceTree = "<group>"; };
		5448B609240E67A900048433 /* ViewController.m */ = {isa = PBXFileReference; lastKnownFileType = sourcecode.c.objc; path = ViewController.m; sourceTree = "<group>"; };
		5448B60C240E67A900048433 /* Base */ = {isa = PBXFileReference; lastKnownFileType = file.storyboard; name = Base; path = Base.lproj/Main.storyboard; sourceTree = "<group>"; };
		5448B60E240E67AB00048433 /* Assets.xcassets */ = {isa = PBXFileReference; lastKnownFileType = folder.assetcatalog; path = Assets.xcassets; sourceTree = "<group>"; };
		5448B611240E67AB00048433 /* Base */ = {isa = PBXFileReference; lastKnownFileType = file.storyboard; name = Base; path = Base.lproj/LaunchScreen.storyboard; sourceTree = "<group>"; };
		5448B613240E67AB00048433 /* Info.plist */ = {isa = PBXFileReference; lastKnownFileType = text.plist.xml; path = Info.plist; sourceTree = "<group>"; };
		5448B614240E67AB00048433 /* main.m */ = {isa = PBXFileReference; lastKnownFileType = sourcecode.c.objc; path = main.m; sourceTree = "<group>"; };
		5448B61A240E67AB00048433 /* CommTestATests.xctest */ = {isa = PBXFileReference; explicitFileType = wrapper.cfbundle; includeInIndex = 0; path = CommTestATests.xctest; sourceTree = BUILT_PRODUCTS_DIR; };
		5448B61E240E67AB00048433 /* CommTestATests.m */ = {isa = PBXFileReference; lastKnownFileType = sourcecode.c.objc; path = CommTestATests.m; sourceTree = "<group>"; };
		5448B620240E67AB00048433 /* Info.plist */ = {isa = PBXFileReference; lastKnownFileType = text.plist.xml; path = Info.plist; sourceTree = "<group>"; };
		5448B625240E67AB00048433 /* CommTestAUITests.xctest */ = {isa = PBXFileReference; explicitFileType = wrapper.cfbundle; includeInIndex = 0; path = CommTestAUITests.xctest; sourceTree = BUILT_PRODUCTS_DIR; };
		5448B629240E67AB00048433 /* CommTestAUITests.m */ = {isa = PBXFileReference; lastKnownFileType = sourcecode.c.objc; path = CommTestAUITests.m; sourceTree = "<group>"; };
		5448B62B240E67AB00048433 /* Info.plist */ = {isa = PBXFileReference; lastKnownFileType = text.plist.xml; path = Info.plist; sourceTree = "<group>"; };
/* End PBXFileReference section */

/* Begin PBXFrameworksBuildPhase section */
		5448B5FC240E67A900048433 /* Frameworks */ = {
			isa = PBXFrameworksBuildPhase;
			buildActionMask = 2147483647;
			files = (
			);
			runOnlyForDeploymentPostprocessing = 0;
		};
		5448B617240E67AB00048433 /* Frameworks */ = {
			isa = PBXFrameworksBuildPhase;
			buildActionMask = 2147483647;
			files = (
			);
			runOnlyForDeploymentPostprocessing = 0;
		};
		5448B622240E67AB00048433 /* Frameworks */ = {
			isa = PBXFrameworksBuildPhase;
			buildActionMask = 2147483647;
			files = (
			);
			runOnlyForDeploymentPostprocessing = 0;
		};
/* End PBXFrameworksBuildPhase section */

/* Begin PBXGroup section */
		5448B5F6240E67A900048433 = {
			isa = PBXGroup;
			children = (
				5448B601240E67A900048433 /* CommTestA */,
				5448B61D240E67AB00048433 /* CommTestATests */,
				5448B628240E67AB00048433 /* CommTestAUITests */,
				5448B600240E67A900048433 /* Products */,
			);
			sourceTree = "<group>";
		};
		5448B600240E67A900048433 /* Products */ = {
			isa = PBXGroup;
			children = (
				5448B5FF240E67A900048433 /* CommTestA.app */,
				5448B61A240E67AB00048433 /* CommTestATests.xctest */,
				5448B625240E67AB00048433 /* CommTestAUITests.xctest */,
			);
			name = Products;
			sourceTree = "<group>";
		};
		5448B601240E67A900048433 /* CommTestA */ = {
			isa = PBXGroup;
			children = (
				5448B602240E67A900048433 /* AppDelegate.h */,
				5448B603240E67A900048433 /* AppDelegate.m */,
				5448B605240E67A900048433 /* SceneDelegate.h */,
				5448B606240E67A900048433 /* SceneDelegate.m */,
				5448B608240E67A900048433 /* ViewController.h */,
				5448B609240E67A900048433 /* ViewController.m */,
				5448B60B240E67A900048433 /* Main.storyboard */,
				5448B60E240E67AB00048433 /* Assets.xcassets */,
				5448B610240E67AB00048433 /* LaunchScreen.storyboard */,
				5448B613240E67AB00048433 /* Info.plist */,
				5448B614240E67AB00048433 /* main.m */,
			);
			path = CommTestA;
			sourceTree = "<group>";
		};
		5448B61D240E67AB00048433 /* CommTestATests */ = {
			isa = PBXGroup;
			children = (
				5448B61E240E67AB00048433 /* CommTestATests.m */,
				5448B620240E67AB00048433 /* Info.plist */,
			);
			path = CommTestATests;
			sourceTree = "<group>";
		};
		5448B628240E67AB00048433 /* CommTestAUITests */ = {
			isa = PBXGroup;
			children = (
				5448B629240E67AB00048433 /* CommTestAUITests.m */,
				5448B62B240E67AB00048433 /* Info.plist */,
			);
			path = CommTestAUITests;
			sourceTree = "<group>";
		};
/* End PBXGroup section */

/* Begin PBXNativeTarget section */
		5448B5FE240E67A900048433 /* CommTestA */ = {
			isa = PBXNativeTarget;
			buildConfigurationList = 5448B62E240E67AB00048433 /* Build configuration list for PBXNativeTarget "CommTestA" */;
			buildPhases = (
				5448B5FB240E67A900048433 /* Sources */,
				5448B5FC240E67A900048433 /* Frameworks */,
				5448B5FD240E67A900048433 /* Resources */,
			);
			buildRules = (
			);
			dependencies = (
			);
			name = CommTestA;
			productName = CommTestA;
			productReference = 5448B5FF240E67A900048433 /* CommTestA.app */;
			productType = "com.apple.product-type.application";
		};
		5448B619240E67AB00048433 /* CommTestATests */ = {
			isa = PBXNativeTarget;
			buildConfigurationList = 5448B631240E67AB00048433 /* Build configuration list for PBXNativeTarget "CommTestATests" */;
			buildPhases = (
				5448B616240E67AB00048433 /* Sources */,
				5448B617240E67AB00048433 /* Frameworks */,
				5448B618240E67AB00048433 /* Resources */,
			);
			buildRules = (
			);
			dependencies = (
				5448B61C240E67AB00048433 /* PBXTargetDependency */,
			);
			name = CommTestATests;
			productName = CommTestATests;
			productReference = 5448B61A240E67AB00048433 /* CommTestATests.xctest */;
			productType = "com.apple.product-type.bundle.unit-test";
		};
		5448B624240E67AB00048433 /* CommTestAUITests */ = {
			isa = PBXNativeTarget;
			buildConfigurationList = 5448B634240E67AB00048433 /* Build configuration list for PBXNativeTarget "CommTestAUITests" */;
			buildPhases = (
				5448B621240E67AB00048433 /* Sources */,
				5448B622240E67AB00048433 /* Frameworks */,
				5448B623240E67AB00048433 /* Resources */,
			);
			buildRules = (
			);
			dependencies = (
				5448B627240E67AB00048433 /* PBXTargetDependency */,
			);
			name = CommTestAUITests;
			productName = CommTestAUITests;
			productReference = 5448B625240E67AB00048433 /* CommTestAUITests.xctest */;
			productType = "com.apple.product-type.bundle.ui-testing";
		};
/* End PBXNativeTarget section */

/* Begin PBXProject section */
		5448B5F7240E67A900048433 /* Project object */ = {
			isa = PBXProject;
			attributes = {
				LastUpgradeCheck = 1130;
				ORGANIZATIONNAME = liqian;
				TargetAttributes = {
					5448B5FE240E67A900048433 = {
						CreatedOnToolsVersion = 11.3.1;
					};
					5448B619240E67AB00048433 = {
						CreatedOnToolsVersion = 11.3.1;
						TestTargetID = 5448B5FE240E67A900048433;
					};
					5448B624240E67AB00048433 = {
						CreatedOnToolsVersion = 11.3.1;
						TestTargetID = 5448B5FE240E67A900048433;
					};
				};
			};
			buildConfigurationList = 5448B5FA240E67A900048433 /* Build configuration list for PBXProject "CommTestA" */;
			compatibilityVersion = "Xcode 9.3";
			developmentRegion = en;
			hasScannedForEncodings = 0;
			knownRegions = (
				en,
				Base,
			);
			mainGroup = 5448B5F6240E67A900048433;
			productRefGroup = 5448B600240E67A900048433 /* Products */;
			projectDirPath = "";
			projectRoot = "";
			targets = (
				5448B5FE240E67A900048433 /* CommTestA */,
				5448B619240E67AB00048433 /* CommTestATests */,
				5448B624240E67AB00048433 /* CommTestAUITests */,
			);
		};
/* End PBXProject section */

/* Begin PBXResourcesBuildPhase section */
		5448B5FD240E67A900048433 /* Resources */ = {
			isa = PBXResourcesBuildPhase;
			buildActionMask = 2147483647;
			files = (
				5448B612240E67AB00048433 /* LaunchScreen.storyboard in Resources */,
				5448B60F240E67AB00048433 /* Assets.xcassets in Resources */,
				5448B60D240E67A900048433 /* Main.storyboard in Resources */,
			);
			runOnlyForDeploymentPostprocessing = 0;
		};
		5448B618240E67AB00048433 /* Resources */ = {
			isa = PBXResourcesBuildPhase;
			buildActionMask = 2147483647;
			files = (
			);
			runOnlyForDeploymentPostprocessing = 0;
		};
		5448B623240E67AB00048433 /* Resources */ = {
			isa = PBXResourcesBuildPhase;
			buildActionMask = 2147483647;
			files = (
			);
			runOnlyForDeploymentPostprocessing = 0;
		};
/* End PBXResourcesBuildPhase section */

/* Begin PBXSourcesBuildPhase section */
		5448B5FB240E67A900048433 /* Sources */ = {
			isa = PBXSourcesBuildPhase;
			buildActionMask = 2147483647;
			files = (
				5448B60A240E67A900048433 /* ViewController.m in Sources */,
				5448B604240E67A900048433 /* AppDelegate.m in Sources */,
				5448B615240E67AB00048433 /* main.m in Sources */,
				5448B607240E67A900048433 /* SceneDelegate.m in Sources */,
			);
			runOnlyForDeploymentPostprocessing = 0;
		};
		5448B616240E67AB00048433 /* Sources */ = {
			isa = PBXSourcesBuildPhase;
			buildActionMask = 2147483647;
			files = (
				5448B61F240E67AB00048433 /* CommTestATests.m in Sources */,
			);
			runOnlyForDeploymentPostprocessing = 0;
		};
		5448B621240E67AB00048433 /* Sources */ = {
			isa = PBXSourcesBuildPhase;
			buildActionMask = 2147483647;
			files = (
				5448B62A240E67AB00048433 /* CommTestAUITests.m in Sources */,
			);
			runOnlyForDeploymentPostprocessing = 0;
		};
/* End PBXSourcesBuildPhase section */

/* Begin PBXTargetDependency section */
		5448B61C240E67AB00048433 /* PBXTargetDependency */ = {
			isa = PBXTargetDependency;
			target = 5448B5FE240E67A900048433 /* CommTestA */;
			targetProxy = 5448B61B240E67AB00048433 /* PBXContainerItemProxy */;
		};
		5448B627240E67AB00048433 /* PBXTargetDependency */ = {
			isa = PBXTargetDependency;
			target = 5448B5FE240E67A900048433 /* CommTestA */;
			targetProxy = 5448B626240E67AB00048433 /* PBXContainerItemProxy */;
		};
/* End PBXTargetDependency section */

/* Begin PBXVariantGroup section */
		5448B60B240E67A900048433 /* Main.storyboard */ = {
			isa = PBXVariantGroup;
			children = (
				5448B60C240E67A900048433 /* Base */,
			);
			name = Main.storyboard;
			sourceTree = "<group>";
		};
		5448B610240E67AB00048433 /* LaunchScreen.storyboard */ = {
			isa = PBXVariantGroup;
			children = (
				5448B611240E67AB00048433 /* Base */,
			);
			name = LaunchScreen.storyboard;
			sourceTree = "<group>";
		};
/* End PBXVariantGroup section */

/* Begin XCBuildConfiguration section */
		5448B62C240E67AB00048433 /* Debug */ = {
			isa = XCBuildConfiguration;
			buildSettings = {
				ALWAYS_SEARCH_USER_PATHS = NO;
				CLANG_ANALYZER_NONNULL = YES;
				CLANG_ANALYZER_NUMBER_OBJECT_CONVERSION = YES_AGGRESSIVE;
				CLANG_CXX_LANGUAGE_STANDARD = "gnu++14";
				CLANG_CXX_LIBRARY = "libc++";
				CLANG_ENABLE_MODULES = YES;
				CLANG_ENABLE_OBJC_ARC = YES;
				CLANG_ENABLE_OBJC_WEAK = YES;
				CLANG_WARN_BLOCK_CAPTURE_AUTORELEASING = YES;
				CLANG_WARN_BOOL_CONVERSION = YES;
				CLANG_WARN_COMMA = YES;
				CLANG_WARN_CONSTANT_CONVERSION = YES;
				CLANG_WARN_DEPRECATED_OBJC_IMPLEMENTATIONS = YES;
				CLANG_WARN_DIRECT_OBJC_ISA_USAGE = YES_ERROR;
				CLANG_WARN_DOCUMENTATION_COMMENTS = YES;
				CLANG_WARN_EMPTY_BODY = YES;
				CLANG_WARN_ENUM_CONVERSION = YES;
				CLANG_WARN_INFINITE_RECURSION = YES;
				CLANG_WARN_INT_CONVERSION = YES;
				CLANG_WARN_NON_LITERAL_NULL_CONVERSION = YES;
				CLANG_WARN_OBJC_IMPLICIT_RETAIN_SELF = YES;
				CLANG_WARN_OBJC_LITERAL_CONVERSION = YES;
				CLANG_WARN_OBJC_ROOT_CLASS = YES_ERROR;
				CLANG_WARN_RANGE_LOOP_ANALYSIS = YES;
				CLANG_WARN_STRICT_PROTOTYPES = YES;
				CLANG_WARN_SUSPICIOUS_MOVE = YES;
				CLANG_WARN_UNGUARDED_AVAILABILITY = YES_AGGRESSIVE;
				CLANG_WARN_UNREACHABLE_CODE = YES;
				CLANG_WARN__DUPLICATE_METHOD_MATCH = YES;
				COPY_PHASE_STRIP = NO;
				DEBUG_INFORMATION_FORMAT = dwarf;
				ENABLE_STRICT_OBJC_MSGSEND = YES;
				ENABLE_TESTABILITY = YES;
				GCC_C_LANGUAGE_STANDARD = gnu11;
				GCC_DYNAMIC_NO_PIC = NO;
				GCC_NO_COMMON_BLOCKS = YES;
				GCC_OPTIMIZATION_LEVEL = 0;
				GCC_PREPROCESSOR_DEFINITIONS = (
					"DEBUG=1",
					"$(inherited)",
				);
				GCC_WARN_64_TO_32_BIT_CONVERSION = YES;
				GCC_WARN_ABOUT_RETURN_TYPE = YES_ERROR;
				GCC_WARN_UNDECLARED_SELECTOR = YES;
				GCC_WARN_UNINITIALIZED_AUTOS = YES_AGGRESSIVE;
				GCC_WARN_UNUSED_FUNCTION = YES;
				GCC_WARN_UNUSED_VARIABLE = YES;
				IPHONEOS_DEPLOYMENT_TARGET = 13.2;
				MTL_ENABLE_DEBUG_INFO = INCLUDE_SOURCE;
				MTL_FAST_MATH = YES;
				ONLY_ACTIVE_ARCH = YES;
				SDKROOT = iphoneos;
			};
			name = Debug;
		};
		5448B62D240E67AB00048433 /* Release */ = {
			isa = XCBuildConfiguration;
			buildSettings = {
				ALWAYS_SEARCH_USER_PATHS = NO;
				CLANG_ANALYZER_NONNULL = YES;
				CLANG_ANALYZER_NUMBER_OBJECT_CONVERSION = YES_AGGRESSIVE;
				CLANG_CXX_LANGUAGE_STANDARD = "gnu++14";
				CLANG_CXX_LIBRARY = "libc++";
				CLANG_ENABLE_MODULES = YES;
				CLANG_ENABLE_OBJC_ARC = YES;
				CLANG_ENABLE_OBJC_WEAK = YES;
				CLANG_WARN_BLOCK_CAPTURE_AUTORELEASING = YES;
				CLANG_WARN_BOOL_CONVERSION = YES;
				CLANG_WARN_COMMA = YES;
				CLANG_WARN_CONSTANT_CONVERSION = YES;
				CLANG_WARN_DEPRECATED_OBJC_IMPLEMENTATIONS = YES;
				CLANG_WARN_DIRECT_OBJC_ISA_USAGE = YES_ERROR;
				CLANG_WARN_DOCUMENTATION_COMMENTS = YES;
				CLANG_WARN_EMPTY_BODY = YES;
				CLANG_WARN_ENUM_CONVERSION = YES;
				CLANG_WARN_INFINITE_RECURSION = YES;
				CLANG_WARN_INT_CONVERSION = YES;
				CLANG_WARN_NON_LITERAL_NULL_CONVERSION = YES;
				CLANG_WARN_OBJC_IMPLICIT_RETAIN_SELF = YES;
				CLANG_WARN_OBJC_LITERAL_CONVERSION = YES;
				CLANG_WARN_OBJC_ROOT_CLASS = YES_ERROR;
				CLANG_WARN_RANGE_LOOP_ANALYSIS = YES;
				CLANG_WARN_STRICT_PROTOTYPES = YES;
				CLANG_WARN_SUSPICIOUS_MOVE = YES;
				CLANG_WARN_UNGUARDED_AVAILABILITY = YES_AGGRESSIVE;
				CLANG_WARN_UNREACHABLE_CODE = YES;
				CLANG_WARN__DUPLICATE_METHOD_MATCH = YES;
				COPY_PHASE_STRIP = NO;
				DEBUG_INFORMATION_FORMAT = "dwarf-with-dsym";
				ENABLE_NS_ASSERTIONS = NO;
				ENABLE_STRICT_OBJC_MSGSEND = YES;
				GCC_C_LANGUAGE_STANDARD = gnu11;
				GCC_NO_COMMON_BLOCKS = YES;
				GCC_WARN_64_TO_32_BIT_CONVERSION = YES;
				GCC_WARN_ABOUT_RETURN_TYPE = YES_ERROR;
				GCC_WARN_UNDECLARED_SELECTOR = YES;
				GCC_WARN_UNINITIALIZED_AUTOS = YES_AGGRESSIVE;
				GCC_WARN_UNUSED_FUNCTION = YES;
				GCC_WARN_UNUSED_VARIABLE = YES;
				IPHONEOS_DEPLOYMENT_TARGET = 13.2;
				MTL_ENABLE_DEBUG_INFO = NO;
				MTL_FAST_MATH = YES;
				SDKROOT = iphoneos;
				VALIDATE_PRODUCT = YES;
			};
			name = Release;
		};
		5448B62F240E67AB00048433 /* Debug */ = {
			isa = XCBuildConfiguration;
			buildSettings = {
				ASSETCATALOG_COMPILER_APPICON_NAME = AppIcon;
				CODE_SIGN_STYLE = Automatic;
				INFOPLIST_FILE = CommTestA/Info.plist;
				LD_RUNPATH_SEARCH_PATHS = (
					"$(inherited)",
					"@executable_path/Frameworks",
				);
				PRODUCT_BUNDLE_IDENTIFIER = com.lqkin.demo.CommTestA;
				PRODUCT_NAME = "$(TARGET_NAME)";
				TARGETED_DEVICE_FAMILY = "1,2";
			};
			name = Debug;
		};
		5448B630240E67AB00048433 /* Release */ = {
			isa = XCBuildConfiguration;
			buildSettings = {
				ASSETCATALOG_COMPILER_APPICON_NAME = AppIcon;
				CODE_SIGN_STYLE = Automatic;
				INFOPLIST_FILE = CommTestA/Info.plist;
				LD_RUNPATH_SEARCH_PATHS = (
					"$(inherited)",
					"@executable_path/Frameworks",
				);
				PRODUCT_BUNDLE_IDENTIFIER = com.lqkin.demo.CommTestA;
				PRODUCT_NAME = "$(TARGET_NAME)";
				TARGETED_DEVICE_FAMILY = "1,2";
			};
			name = Release;
		};
		5448B632240E67AB00048433 /* Debug */ = {
			isa = XCBuildConfiguration;
			buildSettings = {
				BUNDLE_LOADER = "$(TEST_HOST)";
				CODE_SIGN_STYLE = Automatic;
				INFOPLIST_FILE = CommTestATests/Info.plist;
				IPHONEOS_DEPLOYMENT_TARGET = 13.2;
				LD_RUNPATH_SEARCH_PATHS = (
					"$(inherited)",
					"@executable_path/Frameworks",
					"@loader_path/Frameworks",
				);
				PRODUCT_BUNDLE_IDENTIFIER = com.lqkin.demo.CommTestATests;
				PRODUCT_NAME = "$(TARGET_NAME)";
				TARGETED_DEVICE_FAMILY = "1,2";
				TEST_HOST = "$(BUILT_PRODUCTS_DIR)/CommTestA.app/CommTestA";
			};
			name = Debug;
		};
		5448B633240E67AB00048433 /* Release */ = {
			isa = XCBuildConfiguration;
			buildSettings = {
				BUNDLE_LOADER = "$(TEST_HOST)";
				CODE_SIGN_STYLE = Automatic;
				INFOPLIST_FILE = CommTestATests/Info.plist;
				IPHONEOS_DEPLOYMENT_TARGET = 13.2;
				LD_RUNPATH_SEARCH_PATHS = (
					"$(inherited)",
					"@executable_path/Frameworks",
					"@loader_path/Frameworks",
				);
				PRODUCT_BUNDLE_IDENTIFIER = com.lqkin.demo.CommTestATests;
				PRODUCT_NAME = "$(TARGET_NAME)";
				TARGETED_DEVICE_FAMILY = "1,2";
				TEST_HOST = "$(BUILT_PRODUCTS_DIR)/CommTestA.app/CommTestA";
			};
			name = Release;
		};
		5448B635240E67AB00048433 /* Debug */ = {
			isa = XCBuildConfiguration;
			buildSettings = {
				CODE_SIGN_STYLE = Automatic;
				INFOPLIST_FILE = CommTestAUITests/Info.plist;
				LD_RUNPATH_SEARCH_PATHS = (
					"$(inherited)",
					"@executable_path/Frameworks",
					"@loader_path/Frameworks",
				);
				PRODUCT_BUNDLE_IDENTIFIER = com.lqkin.demo.CommTestAUITests;
				PRODUCT_NAME = "$(TARGET_NAME)";
				TARGETED_DEVICE_FAMILY = "1,2";
				TEST_TARGET_NAME = CommTestA;
			};
			name = Debug;
		};
		5448B636240E67AB00048433 /* Release */ = {
			isa = XCBuildConfiguration;
			buildSettings = {
				CODE_SIGN_STYLE = Automatic;
				INFOPLIST_FILE = CommTestAUITests/Info.plist;
				LD_RUNPATH_SEARCH_PATHS = (
					"$(inherited)",
					"@executable_path/Frameworks",
					"@loader_path/Frameworks",
				);
				PRODUCT_BUNDLE_IDENTIFIER = com.lqkin.demo.CommTestAUITests;
				PRODUCT_NAME = "$(TARGET_NAME)";
				TARGETED_DEVICE_FAMILY = "1,2";
				TEST_TARGET_NAME = CommTestA;
			};
			name = Release;
		};
/* End XCBuildConfiguration section */

/* Begin XCConfigurationList section */
		5448B5FA240E67A900048433 /* Build configuration list for PBXProject "CommTestA" */ = {
			isa = XCConfigurationList;
			buildConfigurations = (
				5448B62C240E67AB00048433 /* Debug */,
				5448B62D240E67AB00048433 /* Release */,
			);
			defaultConfigurationIsVisible = 0;
			defaultConfigurationName = Release;
		};
		5448B62E240E67AB00048433 /* Build configuration list for PBXNativeTarget "CommTestA" */ = {
			isa = XCConfigurationList;
			buildConfigurations = (
				5448B62F240E67AB00048433 /* Debug */,
				5448B630240E67AB00048433 /* Release */,
			);
			defaultConfigurationIsVisible = 0;
			defaultConfigurationName = Release;
		};
		5448B631240E67AB00048433 /* Build configuration list for PBXNativeTarget "CommTestATests" */ = {
			isa = XCConfigurationList;
			buildConfigurations = (
				5448B632240E67AB00048433 /* Debug */,
				5448B633240E67AB00048433 /* Release */,
			);
			defaultConfigurationIsVisible = 0;
			defaultConfigurationName = Release;
		};
		5448B634240E67AB00048433 /* Build configuration list for PBXNativeTarget "CommTestAUITests" */ = {
			isa = XCConfigurationList;
			buildConfigurations = (
				5448B635240E67AB00048433 /* Debug */,
				5448B636240E67AB00048433 /* Release */,
			);
			defaultConfigurationIsVisible = 0;
			defaultConfigurationName = Release;
		};
/* End XCConfigurationList section */
	};
	rootObject = 5448B5F7240E67A900048433 /* Project object */;
}
